<?xml version="1.0" encoding="utf-8"?>
<Project ToolsVersion="4.0" xmlns="http://schemas.microsoft.com/developer/msbuild/2003">
  <ItemGroup>
    <Filter Include="Header Files">
      <UniqueIdentifier>{93995380-89BD-4b04-88EB-625FBE52EBFB}</UniqueIdentifier>
      <Extensions>h;hh;hpp;hxx;h++;hm;inl;inc;ipp;xsd</Extensions>
    </Filter>
    <Filter Include="Done">
      <UniqueIdentifier>{7efc5a0f-e6f8-4932-8d07-7fc0b6cf9293}</UniqueIdentifier>
    </Filter>
    <Filter Include="Done\Day2">
      <UniqueIdentifier>{8eb13795-f1e9-405a-8909-38b3c85e311b}</UniqueIdentifier>
    </Filter>
    <Filter Include="Done\Day1">
      <UniqueIdentifier>{2ba5cbfa-2296-4f9a-857e-eed2bbd2b01e}</UniqueIdentifier>
    </Filter>
    <Filter Include="Header Files\Done">
      <UniqueIdentifier>{1a35543f-61dd-4483-8594-85b9bb856207}</UniqueIdentifier>
    </Filter>
    <Filter Include="Done\Day3">
      <UniqueIdentifier>{5a05f9ee-738a-4937-aa73-a3220bec7c67}</UniqueIdentifier>
    </Filter>
    <Filter Include="Done\Day4">
      <UniqueIdentifier>{6f7e572f-afae-409a-b157-5dc6f036ba4f}</UniqueIdentifier>
    </Filter>
    <Filter Include="Done\Day5">
      <UniqueIdentifier>{94d0cc34-70ca-4730-9a93-6c0408ebc91e}</UniqueIdentifier>
    </Filter>
    <Filter Include="Done\Day6">
      <UniqueIdentifier>{3f5017ce-6474-4b00-a4a4-a4e34910d79d}</UniqueIdentifier>
    </Filter>
    <Filter Include="Done\Day7">
      <UniqueIdentifier>{ac245ee8-99f0-40a9-9c28-e285b8261d66}</UniqueIdentifier>
    </Filter>
    <Filter Include="Done\Day8">
      <UniqueIdentifier>{0f4733a8-e5a1-41be-8660-668d9fb88017}</UniqueIdentifier>
    </Filter>
    <Filter Include="Done\Day9">
      <UniqueIdentifier>{bb69273e-c4f1-4404-bf10-f158a7d0ee2c}</UniqueIdentifier>
    </Filter>
    <Filter Include="Done\Day10">
      <UniqueIdentifier>{2e0155de-f8f3-45a4-980c-4b28c8b2292d}</UniqueIdentifier>
    </Filter>
    <Filter Include="Done\Day11">
      <UniqueIdentifier>{5639e8e5-bf6c-4932-b725-fb910d4c9f2d}</UniqueIdentifier>
    </Filter>
    <Filter Include="Done\Day12">
      <UniqueIdentifier>{ae481a02-8a56-4f75-a03b-ce4070fb983e}</UniqueIdentifier>
    </Filter>
    <Filter Include="Day13">
      <UniqueIdentifier>{47e1b4c9-9708-4c20-893e-d0a721bdfec7}</UniqueIdentifier>
    </Filter>
    <Filter Include="Done\Day14">
      <UniqueIdentifier>{66399ef8-1b9f-400b-9eeb-5c7678b31625}</UniqueIdentifier>
    </Filter>
    <Filter Include="Day15">
      <UniqueIdentifier>{9dde4f01-fd28-44bc-adfa-2e7e0cbf59d7}</UniqueIdentifier>
    </Filter>
    <Filter Include="Day16">
      <UniqueIdentifier>{45e1966a-32e6-4b19-baeb-762b21f17735}</UniqueIdentifier>
    </Filter>
    <Filter Include="Day17">
      <UniqueIdentifier>{671c522b-d592-41fe-9090-b8592b009508}</UniqueIdentifier>
    </Filter>
  </ItemGroup>
  <ItemGroup>
    <ClCompile Include="Runner.cpp" />
    <ClCompile Include="DayOne.cpp">
      <Filter>Done\Day1</Filter>
    </ClCompile>
    <ClCompile Include="DayTwo.cpp">
      <Filter>Done\Day2</Filter>
    </ClCompile>
    <ClCompile Include="DayThree.cpp">
      <Filter>Done\Day3</Filter>
    </ClCompile>
    <ClCompile Include="DayFour.cpp">
      <Filter>Done\Day4</Filter>
    </ClCompile>
    <ClCompile Include="DayFive.cpp">
      <Filter>Done\Day5</Filter>
    </ClCompile>
    <ClCompile Include="DaySix.cpp">
      <Filter>Done\Day6</Filter>
    </ClCompile>
    <ClCompile Include="DaySeven.cpp">
      <Filter>Done\Day7</Filter>
    </ClCompile>
    <ClCompile Include="DayEight.cpp">
      <Filter>Done\Day8</Filter>
    </ClCompile>
    <ClCompile Include="DayNine.cpp">
      <Filter>Done\Day9</Filter>
    </ClCompile>
    <ClCompile Include="DayTen.cpp">
      <Filter>Done\Day10</Filter>
    </ClCompile>
    <ClCompile Include="DayEleven.cpp">
      <Filter>Done\Day11</Filter>
    </ClCompile>
    <ClCompile Include="DayTwelve.cpp">
      <Filter>Done\Day12</Filter>
    </ClCompile>
    <ClCompile Include="DayThirteen.cpp">
      <Filter>Day13</Filter>
    </ClCompile>
    <ClCompile Include="DayFourteen.cpp">
      <Filter>Done\Day14</Filter>
    </ClCompile>
    <ClCompile Include="Util.cpp" />
    <ClCompile Include="DayFifteen.cpp">
      <Filter>Day15</Filter>
    </ClCompile>
    <ClCompile Include="DaySixteen.cpp">
      <Filter>Day16</Filter>
    </ClCompile>
    <ClCompile Include="DaySeventeen.cpp">
      <Filter>Day17</Filter>
    </ClCompile>
  </ItemGroup>
  <ItemGroup>
    <ClInclude Include="DayOne.h">
      <Filter>Header Files\Done</Filter>
    </ClInclude>
    <ClInclude Include="DayTwo.h">
      <Filter>Header Files\Done</Filter>
    </ClInclude>
    <ClInclude Include="DayThree.h">
      <Filter>Header Files\Done</Filter>
    </ClInclude>
    <ClInclude Include="DayFour.h">
      <Filter>Header Files\Done</Filter>
    </ClInclude>
    <ClInclude Include="DayFive.h">
      <Filter>Header Files\Done</Filter>
    </ClInclude>
    <ClInclude Include="DaySix.h">
      <Filter>Header Files\Done</Filter>
    </ClInclude>
    <ClInclude Include="DaySeven.h">
      <Filter>Header Files\Done</Filter>
    </ClInclude>
    <ClInclude Include="DayEight.h">
      <Filter>Header Files\Done</Filter>
    </ClInclude>
    <ClInclude Include="ConsoleGraphics.h">
      <Filter>Header Files</Filter>
    </ClInclude>
    <ClInclude Include="DayNine.h">
      <Filter>Header Files\Done</Filter>
    </ClInclude>
    <ClInclude Include="DayTen.h">
      <Filter>Header Files\Done</Filter>
    </ClInclude>
    <ClInclude Include="DayEleven.h">
      <Filter>Header Files\Done</Filter>
    </ClInclude>
    <ClInclude Include="DayThirteen.h">
      <Filter>Header Files</Filter>
    </ClInclude>
    <ClInclude Include="DayTwelve.h">
      <Filter>Header Files\Done</Filter>
    </ClInclude>
    <ClInclude Include="util.h">
      <Filter>Header Files</Filter>
    </ClInclude>
    <ClInclude Include="DayFourteen.h">
      <Filter>Header Files\Done</Filter>
    </ClInclude>
    <ClInclude Include="DayFifteen.h">
      <Filter>Header Files</Filter>
    </ClInclude>
    <ClInclude Include="DaySixteen.h">
      <Filter>Day16</Filter>
    </ClInclude>
    <ClInclude Include="DaySeventeen.h">
      <Filter>Header Files</Filter>
    </ClInclude>
  </ItemGroup>
  <ItemGroup>
    <None Include="DayOneInput.dat">
      <Filter>Done\Day1</Filter>
    </None>
    <None Include="DayTwoInput.dat">
      <Filter>Done\Day2</Filter>
    </None>
    <None Include="DayThreeTestInput.dat">
      <Filter>Done\Day3</Filter>
    </None>
    <None Include="DayThreeInput.dat">
      <Filter>Done\Day3</Filter>
    </None>
    <None Include="DayFourInput.dat">
      <Filter>Done\Day4</Filter>
    </None>
    <None Include="DayFourTestInput.dat">
      <Filter>Done\Day4</Filter>
    </None>
    <None Include="DayFourInput2.dat">
      <Filter>Done\Day4</Filter>
    </None>
    <None Include="DayFiveInput.dat">
      <Filter>Done\Day5</Filter>
    </None>
    <None Include="DaySixTestInput.dat">
      <Filter>Done\Day6</Filter>
    </None>
    <None Include="DaySixInput.dat">
      <Filter>Done\Day6</Filter>
    </None>
    <None Include="DaySevenInput.dat">
      <Filter>Done\Day7</Filter>
    </None>
    <None Include="DaySevenTestInput.dat">
      <Filter>Done\Day7</Filter>
    </None>
    <None Include="DaySevenTestInput2.dat">
      <Filter>Done\Day7</Filter>
    </None>
    <None Include="DayEightInput.dat">
      <Filter>Done\Day8</Filter>
    </None>
    <None Include="DayNineInput.dat">
      <Filter>Done\Day9</Filter>
    </None>
    <None Include="DayX.cpp.template" />
    <None Include="DayTenInput.dat">
      <Filter>Done\Day10</Filter>
    </None>
    <None Include="DayElevenInput.dat">
      <Filter>Done\Day11</Filter>
    </None>
    <None Include="..\README.md" />
    <None Include="DayTwelveInput.dat">
      <Filter>Done\Day12</Filter>
    </None>
    <None Include="DayThirteenInput.dat">
      <Filter>Day13</Filter>
    </None>
    <None Include="DayThirteenTestInput.dat">
      <Filter>Day13</Filter>
    </None>
    <None Include="DayFourteenInput.dat">
      <Filter>Done\Day14</Filter>
    </None>
    <None Include="DayFifteenInput.dat">
      <Filter>Day15</Filter>
    </None>
    <None Include="DaySixteenInput.dat">
      <Filter>Day16</Filter>
    </None>
    <None Include="DaySeventeenInput.dat">
      <Filter>Day17</Filter>
    </None>
  </ItemGroup>
</Project>