<?xml version="1.0" encoding="utf-8"?>
<Project ToolsVersion="4.0" xmlns="http://schemas.microsoft.com/developer/msbuild/2003">
  <ItemGroup>
    <Filter Include="Header Files">
      <UniqueIdentifier>{93995380-89BD-4b04-88EB-625FBE52EBFB}</UniqueIdentifier>
      <Extensions>h;hh;hpp;hxx;h++;hm;inl;inc;ipp;xsd</Extensions>
    </Filter>
    <Filter Include="Done">
      <UniqueIdentifier>{7efc5a0f-e6f8-4932-8d07-7fc0b6cf9293}</UniqueIdentifier>
    </Filter>
    <Filter Include="Done\Day2">
      <UniqueIdentifier>{8eb13795-f1e9-405a-8909-38b3c85e311b}</UniqueIdentifier>
    </Filter>
    <Filter Include="Done\Day1">
      <UniqueIdentifier>{2ba5cbfa-2296-4f9a-857e-eed2bbd2b01e}</UniqueIdentifier>
    </Filter>
    <Filter Include="Header Files\Done">
      <UniqueIdentifier>{1a35543f-61dd-4483-8594-85b9bb856207}</UniqueIdentifier>
    </Filter>
    <Filter Include="Done\Day3">
      <UniqueIdentifier>{5a05f9ee-738a-4937-aa73-a3220bec7c67}</UniqueIdentifier>
    </Filter>
    <Filter Include="Done\Day4">
      <UniqueIdentifier>{6f7e572f-afae-409a-b157-5dc6f036ba4f}</UniqueIdentifier>
    </Filter>
    <Filter Include="Done\Day5">
      <UniqueIdentifier>{94d0cc34-70ca-4730-9a93-6c0408ebc91e}</UniqueIdentifier>
    </Filter>
    <Filter Include="Done\Day6">
      <UniqueIdentifier>{3f5017ce-6474-4b00-a4a4-a4e34910d79d}</UniqueIdentifier>
    </Filter>
    <Filter Include="Done\Day7">
      <UniqueIdentifier>{ac245ee8-99f0-40a9-9c28-e285b8261d66}</UniqueIdentifier>
    </Filter>
  </ItemGroup>
  <ItemGroup>
    <ClCompile Include="Runner.cpp" />
    <ClCompile Include="DayOne.cpp">
      <Filter>Done\Day1</Filter>
    </ClCompile>
    <ClCompile Include="DayTwo.cpp">
      <Filter>Done\Day2</Filter>
    </ClCompile>
    <ClCompile Include="DayThree.cpp">
      <Filter>Done\Day3</Filter>
    </ClCompile>
    <ClCompile Include="DayFour.cpp">
      <Filter>Done\Day4</Filter>
    </ClCompile>
    <ClCompile Include="DayFive.cpp">
      <Filter>Done\Day5</Filter>
    </ClCompile>
    <ClCompile Include="DaySix.cpp">
      <Filter>Done\Day6</Filter>
    </ClCompile>
    <ClCompile Include="DaySeven.cpp">
      <Filter>Done\Day7</Filter>
    </ClCompile>
    <ClCompile Include="DayEight.cpp" />
  </ItemGroup>
  <ItemGroup>
    <ClInclude Include="DayOne.h">
      <Filter>Header Files\Done</Filter>
    </ClInclude>
    <ClInclude Include="DayTwo.h">
      <Filter>Header Files\Done</Filter>
    </ClInclude>
    <ClInclude Include="DayThree.h">
      <Filter>Header Files\Done</Filter>
    </ClInclude>
    <ClInclude Include="DayFour.h">
      <Filter>Header Files\Done</Filter>
    </ClInclude>
    <ClInclude Include="DayFive.h">
      <Filter>Header Files\Done</Filter>
    </ClInclude>
    <ClInclude Include="DaySix.h">
      <Filter>Header Files\Done</Filter>
    </ClInclude>
    <ClInclude Include="DaySeven.h">
      <Filter>Header Files\Done</Filter>
    </ClInclude>
    <ClInclude Include="DayEight.h">
      <Filter>Header Files</Filter>
    </ClInclude>
  </ItemGroup>
  <ItemGroup>
    <None Include="DayOneInput.dat">
      <Filter>Done\Day1</Filter>
    </None>
    <None Include="DayTwoInput.dat">
      <Filter>Done\Day2</Filter>
    </None>
    <None Include="DayThreeTestInput.dat">
      <Filter>Done\Day3</Filter>
    </None>
    <None Include="DayThreeInput.dat">
      <Filter>Done\Day3</Filter>
    </None>
    <None Include="DayFourInput.dat">
      <Filter>Done\Day4</Filter>
    </None>
    <None Include="DayFourTestInput.dat">
      <Filter>Done\Day4</Filter>
    </None>
    <None Include="DayFourInput2.dat">
      <Filter>Done\Day4</Filter>
    </None>
    <None Include="DayFiveInput.dat">
      <Filter>Done\Day5</Filter>
    </None>
    <None Include="DaySixTestInput.dat">
      <Filter>Done\Day6</Filter>
    </None>
    <None Include="DaySixInput.dat">
      <Filter>Done\Day6</Filter>
    </None>
    <None Include="DaySevenInput.dat">
      <Filter>Done\Day7</Filter>
    </None>
    <None Include="DaySevenTestInput.dat">
      <Filter>Done\Day7</Filter>
    </None>
    <None Include="DaySevenTestInput2.dat">
      <Filter>Done\Day7</Filter>
    </None>
    <None Include="DayEightInput.dat" />
  </ItemGroup>
</Project>